# This file is generated by running "yarn install" inside your project.
# Manual changes might be lost - proceed with caution!

__metadata:
  version: 6
  cacheKey: 8

"@examples/next-minimal@workspace:.":
  version: 0.0.0-use.local
  resolution: "@examples/next-minimal@workspace:."
  dependencies:
    "@tanstack/react-query": ^4.0.10
    "@trpc/client": ^10.0.0-proxy-alpha.74
    "@trpc/next": ^10.0.0-proxy-alpha.74
    "@trpc/react": ^10.0.0-proxy-alpha.74
    "@trpc/server": ^10.0.0-proxy-alpha.74
    "@types/node": ^18.7.11
    "@types/react": ^18.0.9
    "@types/react-dom": ^18.0.5
    next: latest
    react: ^18.1.0
    react-dom: ^18.1.0
    typescript: 4.7.4
    zod: ^3.0.0
  languageName: unknown
  linkType: soft

"@next/env@npm:12.3.0":
  version: 12.3.0
  resolution: "@next/env@npm:12.3.0"
  checksum: 9f5d0894de00f8827f887dc737b0beebc1f268cc6809dc0f49acbcc035f4398f2af1dccb2c2f470f2ac31ef450ff5214a1a63ddd5c906b3ea52960824a2552be
  languageName: node
  linkType: hard

"@next/swc-android-arm-eabi@npm:12.3.0":
  version: 12.3.0
  resolution: "@next/swc-android-arm-eabi@npm:12.3.0"
  conditions: os=android & cpu=arm
  languageName: node
  linkType: hard

"@next/swc-android-arm64@npm:12.3.0":
  version: 12.3.0
  resolution: "@next/swc-android-arm64@npm:12.3.0"
  conditions: os=android & cpu=arm64
  languageName: node
  linkType: hard

"@next/swc-darwin-arm64@npm:12.3.0":
  version: 12.3.0
  resolution: "@next/swc-darwin-arm64@npm:12.3.0"
  conditions: os=darwin & cpu=arm64
  languageName: node
  linkType: hard

"@next/swc-darwin-x64@npm:12.3.0":
  version: 12.3.0
  resolution: "@next/swc-darwin-x64@npm:12.3.0"
  conditions: os=darwin & cpu=x64
  languageName: node
  linkType: hard

"@next/swc-freebsd-x64@npm:12.3.0":
  version: 12.3.0
  resolution: "@next/swc-freebsd-x64@npm:12.3.0"
  conditions: os=freebsd & cpu=x64
  languageName: node
  linkType: hard

"@next/swc-linux-arm-gnueabihf@npm:12.3.0":
  version: 12.3.0
  resolution: "@next/swc-linux-arm-gnueabihf@npm:12.3.0"
  conditions: os=linux & cpu=arm
  languageName: node
  linkType: hard

"@next/swc-linux-arm64-gnu@npm:12.3.0":
  version: 12.3.0
  resolution: "@next/swc-linux-arm64-gnu@npm:12.3.0"
  conditions: os=linux & cpu=arm64 & libc=glibc
  languageName: node
  linkType: hard

"@next/swc-linux-arm64-musl@npm:12.3.0":
  version: 12.3.0
  resolution: "@next/swc-linux-arm64-musl@npm:12.3.0"
  conditions: os=linux & cpu=arm64 & libc=musl
  languageName: node
  linkType: hard

"@next/swc-linux-x64-gnu@npm:12.3.0":
  version: 12.3.0
  resolution: "@next/swc-linux-x64-gnu@npm:12.3.0"
  conditions: os=linux & cpu=x64 & libc=glibc
  languageName: node
  linkType: hard

"@next/swc-linux-x64-musl@npm:12.3.0":
  version: 12.3.0
  resolution: "@next/swc-linux-x64-musl@npm:12.3.0"
  conditions: os=linux & cpu=x64 & libc=musl
  languageName: node
  linkType: hard

"@next/swc-win32-arm64-msvc@npm:12.3.0":
  version: 12.3.0
  resolution: "@next/swc-win32-arm64-msvc@npm:12.3.0"
  conditions: os=win32 & cpu=arm64
  languageName: node
  linkType: hard

"@next/swc-win32-ia32-msvc@npm:12.3.0":
  version: 12.3.0
  resolution: "@next/swc-win32-ia32-msvc@npm:12.3.0"
  conditions: os=win32 & cpu=ia32
  languageName: node
  linkType: hard

"@next/swc-win32-x64-msvc@npm:12.3.0":
  version: 12.3.0
  resolution: "@next/swc-win32-x64-msvc@npm:12.3.0"
  conditions: os=win32 & cpu=x64
  languageName: node
  linkType: hard

"@swc/helpers@npm:0.4.11":
  version: 0.4.11
  resolution: "@swc/helpers@npm:0.4.11"
  dependencies:
    tslib: ^2.4.0
  checksum: 736857d524b41a8a4db81094e9b027f554004e0fa3e86325d85bdb38f7e6459ce022db079edb6c61ba0f46fe8583b3e663e95f7acbd13e51b8da6c34e45bba2e
  languageName: node
  linkType: hard

"@tanstack/query-core@npm:4.2.3":
  version: 4.2.3
  resolution: "@tanstack/query-core@npm:4.2.3"
  checksum: b37efdc32b1731575eba398eda3b7a4cd3ed25ee1032d5200124c37ab4e58711d310e2e29e9e51284553a7c03c85e55cf8da6833bc3b1e215e0e43e7399ab3ca
  languageName: node
  linkType: hard

"@tanstack/react-query@npm:^4.0.10":
  version: 4.2.3
  resolution: "@tanstack/react-query@npm:4.2.3"
  dependencies:
    "@tanstack/query-core": 4.2.3
    "@types/use-sync-external-store": ^0.0.3
    use-sync-external-store: ^1.2.0
  peerDependencies:
    react: ^16.8.0 || ^17.0.0 || ^18.0.0
    react-dom: ^16.8.0 || ^17.0.0 || ^18.0.0
    react-native: "*"
  peerDependenciesMeta:
    react-dom:
      optional: true
    react-native:
      optional: true
  checksum: 0a38ae05271e1669c6efd5cc77608103b6dfde577ecdc88c3f0e72953aea11c102c9b5a49fa2ca822f260a68f9f9646c5e847e7d87c99117b2c2e3b1356cbc8b
  languageName: node
  linkType: hard

"@trpc/client@npm:^10.0.0-proxy-alpha.74":
  version: 10.0.0-proxy-alpha.74
  resolution: "@trpc/client@npm:10.0.0-proxy-alpha.74"
  peerDependencies:
    "@trpc/server": 10.0.0-proxy-alpha.74
  checksum: 3dd22615805cf4c04f8b588c3f7ebb0512ebb6d847a038495656bb69424fe38017f23e00329a573edaef644d3d304d0d230d196d055f2b8da5796b8bbc9d531b
  languageName: node
  linkType: hard

"@trpc/next@npm:^10.0.0-proxy-alpha.74":
  version: 10.0.0-proxy-alpha.74
  resolution: "@trpc/next@npm:10.0.0-proxy-alpha.74"
  dependencies:
    react-ssr-prepass: ^1.5.0
  peerDependencies:
    "@tanstack/react-query": ^4.0.10
    "@trpc/client": 10.0.0-proxy-alpha.74
    "@trpc/react": 10.0.0-proxy-alpha.74
    "@trpc/server": 10.0.0-proxy-alpha.74
    next: "*"
    react: ">=16.8.0"
    react-dom: ">=16.8.0"
  checksum: e010172d2e382d4ff07bf2e534ffec375265fc90714b7e33ab56687c5bfaf808a21681e7dbf3cea467f0b05475a118a21a770b1ab6cbb441059783064511d5c9
  languageName: node
  linkType: hard

"@trpc/react@npm:^10.0.0-proxy-alpha.74":
  version: 10.0.0-proxy-alpha.74
  resolution: "@trpc/react@npm:10.0.0-proxy-alpha.74"
  peerDependencies:
    "@tanstack/react-query": ^4.0.10
    "@trpc/client": 10.0.0-proxy-alpha.74
    "@trpc/server": 10.0.0-proxy-alpha.74
    react: ">=16.8.0"
    react-dom: ">=16.8.0"
  checksum: 1d6787d0ab7e3d505d1e4d49d1ff572530258e05080f2df771b78ed39d6d097df3fa4289fe763d8ed359a6b3ff223b278d4a91c885463c19c8aba68de9a0cfe2
  languageName: node
  linkType: hard

"@trpc/server@npm:^10.0.0-proxy-alpha.74":
  version: 10.0.0-proxy-alpha.74
  resolution: "@trpc/server@npm:10.0.0-proxy-alpha.74"
  checksum: 74fed79aa67fd351fefe4151196a943dcb329c6ac9bdfb59c55779049599e720b38ec8c0d243076b6f3c57b7ff67478d86f307afea196598a83814d697a66d5d
  languageName: node
  linkType: hard

"@types/node@npm:^18.7.11":
  version: 18.7.16
  resolution: "@types/node@npm:18.7.16"
  checksum: 01a3d35c764a3f0e7370b56e1ad4203731131883c65784e020009014171b3f53c4649cde6c7aa4f1026b907ee87ef6ae6ece2bc518151dc7b81100fe8b1db3ad
  languageName: node
  linkType: hard

"@types/prop-types@npm:*":
  version: 15.7.5
  resolution: "@types/prop-types@npm:15.7.5"
  checksum: 5b43b8b15415e1f298243165f1d44390403bb2bd42e662bca3b5b5633fdd39c938e91b7fce3a9483699db0f7a715d08cef220c121f723a634972fdf596aec980
  languageName: node
  linkType: hard

"@types/react-dom@npm:^18.0.5":
  version: 18.0.6
  resolution: "@types/react-dom@npm:18.0.6"
  dependencies:
    "@types/react": "*"
  checksum: db571047af1a567631758700b9f7d143e566df939cfe5fbf7535347cc0c726a1cdbb5e3f8566d076e54cf708b6c1166689de194a9ba09ee35efc9e1d45911685
  languageName: node
  linkType: hard

"@types/react@npm:*, @types/react@npm:^18.0.9":
  version: 18.0.18
  resolution: "@types/react@npm:18.0.18"
  dependencies:
    "@types/prop-types": "*"
    "@types/scheduler": "*"
    csstype: ^3.0.2
  checksum: 6d72d35ab3eecf382a5e0f225923f5a2c753045fce02e4e29713f36c99a24f0f770666a49dde96167f37c86271f93339d1b7e2b8969d011b137a9ebd24ee6806
  languageName: node
  linkType: hard

"@types/scheduler@npm:*":
  version: 0.16.2
  resolution: "@types/scheduler@npm:0.16.2"
  checksum: b6b4dcfeae6deba2e06a70941860fb1435730576d3689225a421280b7742318d1548b3d22c1f66ab68e414f346a9542f29240bc955b6332c5b11e561077583bc
  languageName: node
  linkType: hard

"@types/use-sync-external-store@npm:^0.0.3":
  version: 0.0.3
  resolution: "@types/use-sync-external-store@npm:0.0.3"
  checksum: 161ddb8eec5dbe7279ac971531217e9af6b99f7783213566d2b502e2e2378ea19cf5e5ea4595039d730aa79d3d35c6567d48599f69773a02ffcff1776ec2a44e
  languageName: node
  linkType: hard

"caniuse-lite@npm:^1.0.30001332":
  version: 1.0.30001393
  resolution: "caniuse-lite@npm:1.0.30001393"
  checksum: 72b7cd81c51f41965f2fbdbb20729d71f2bd5e376d9b4effa22616dd2707640b8676862e8db3db83b76c3bcf2aaefc9ebd5991a10eeb483b460322de5548b98e
  languageName: node
  linkType: hard

"csstype@npm:^3.0.2":
  version: 3.1.0
  resolution: "csstype@npm:3.1.0"
  checksum: 644e986cefab86525f0b674a06889cfdbb1f117e5b7d1ce0fc55b0423ecc58807a1ea42ecc75c4f18999d14fc42d1d255f84662a45003a52bb5840e977eb2ffd
  languageName: node
  linkType: hard

"js-tokens@npm:^3.0.0 || ^4.0.0":
  version: 4.0.0
  resolution: "js-tokens@npm:4.0.0"
  checksum: 8a95213a5a77deb6cbe94d86340e8d9ace2b93bc367790b260101d2f36a2eaf4e4e22d9fa9cf459b38af3a32fb4190e638024cf82ec95ef708680e405ea7cc78
  languageName: node
  linkType: hard

"loose-envify@npm:^1.1.0":
  version: 1.4.0
  resolution: "loose-envify@npm:1.4.0"
  dependencies:
    js-tokens: ^3.0.0 || ^4.0.0
  bin:
    loose-envify: cli.js
  checksum: 6517e24e0cad87ec9888f500c5b5947032cdfe6ef65e1c1936a0c48a524b81e65542c9c3edc91c97d5bddc806ee2a985dbc79be89215d613b1de5db6d1cfe6f4
  languageName: node
  linkType: hard

"nanoid@npm:^3.3.4":
  version: 3.3.4
  resolution: "nanoid@npm:3.3.4"
  bin:
    nanoid: bin/nanoid.cjs
  checksum: 2fddd6dee994b7676f008d3ffa4ab16035a754f4bb586c61df5a22cf8c8c94017aadd360368f47d653829e0569a92b129979152ff97af23a558331e47e37cd9c
  languageName: node
  linkType: hard

next@latest:
  version: 12.3.0
  resolution: "next@npm:12.3.0"
  dependencies:
    "@next/env": 12.3.0
    "@next/swc-android-arm-eabi": 12.3.0
    "@next/swc-android-arm64": 12.3.0
    "@next/swc-darwin-arm64": 12.3.0
    "@next/swc-darwin-x64": 12.3.0
    "@next/swc-freebsd-x64": 12.3.0
    "@next/swc-linux-arm-gnueabihf": 12.3.0
    "@next/swc-linux-arm64-gnu": 12.3.0
    "@next/swc-linux-arm64-musl": 12.3.0
    "@next/swc-linux-x64-gnu": 12.3.0
    "@next/swc-linux-x64-musl": 12.3.0
    "@next/swc-win32-arm64-msvc": 12.3.0
    "@next/swc-win32-ia32-msvc": 12.3.0
    "@next/swc-win32-x64-msvc": 12.3.0
    "@swc/helpers": 0.4.11
    caniuse-lite: ^1.0.30001332
    postcss: 8.4.14
    styled-jsx: 5.0.6
    use-sync-external-store: 1.2.0
  peerDependencies:
    fibers: ">= 3.1.0"
    node-sass: ^6.0.0 || ^7.0.0
    react: ^17.0.2 || ^18.0.0-0
    react-dom: ^17.0.2 || ^18.0.0-0
    sass: ^1.3.0
  dependenciesMeta:
    "@next/swc-android-arm-eabi":
      optional: true
    "@next/swc-android-arm64":
      optional: true
    "@next/swc-darwin-arm64":
      optional: true
    "@next/swc-darwin-x64":
      optional: true
    "@next/swc-freebsd-x64":
      optional: true
    "@next/swc-linux-arm-gnueabihf":
      optional: true
    "@next/swc-linux-arm64-gnu":
      optional: true
    "@next/swc-linux-arm64-musl":
      optional: true
    "@next/swc-linux-x64-gnu":
      optional: true
    "@next/swc-linux-x64-musl":
      optional: true
    "@next/swc-win32-arm64-msvc":
      optional: true
    "@next/swc-win32-ia32-msvc":
      optional: true
    "@next/swc-win32-x64-msvc":
      optional: true
  peerDependenciesMeta:
    fibers:
      optional: true
    node-sass:
      optional: true
    sass:
      optional: true
  bin:
    next: dist/bin/next
  checksum: eafed4732d1d3cfdc4ccfdd6e1047d24b29f0d19587a03d46581e77988e4a081d206ad373de98858dfbc7109308fe1ad39d0b8443ea19276fb11fa5634080841
  languageName: node
  linkType: hard

"picocolors@npm:^1.0.0":
  version: 1.0.0
  resolution: "picocolors@npm:1.0.0"
  checksum: a2e8092dd86c8396bdba9f2b5481032848525b3dc295ce9b57896f931e63fc16f79805144321f72976383fc249584672a75cc18d6777c6b757603f372f745981
  languageName: node
  linkType: hard

"postcss@npm:8.4.14":
  version: 8.4.14
  resolution: "postcss@npm:8.4.14"
  dependencies:
    nanoid: ^3.3.4
    picocolors: ^1.0.0
    source-map-js: ^1.0.2
  checksum: fe58766ff32e4becf65a7d57678995cfd239df6deed2fe0557f038b47c94e4132e7e5f68b5aa820c13adfec32e523b693efaeb65798efb995ce49ccd83953816
  languageName: node
  linkType: hard

"react-dom@npm:^18.1.0":
  version: 18.2.0
  resolution: "react-dom@npm:18.2.0"
  dependencies:
    loose-envify: ^1.1.0
    scheduler: ^0.23.0
  peerDependencies:
    react: ^18.2.0
  checksum: 7d323310bea3a91be2965f9468d552f201b1c27891e45ddc2d6b8f717680c95a75ae0bc1e3f5cf41472446a2589a75aed4483aee8169287909fcd59ad149e8cc
  languageName: node
  linkType: hard

"react-ssr-prepass@npm:^1.5.0":
  version: 1.5.0
  resolution: "react-ssr-prepass@npm:1.5.0"
  peerDependencies:
    react: ^16.8.0 || ^17.0.0 || ^18.0.0
  checksum: efe89b9f8b2053474613f56dfdbeb41d8ee2e572bf819a39377d95d3e4a9acf8a4a16e28d8d8034cb9ac2b316d11dc9e62217743e4322046d08175eb3b4fed3e
  languageName: node
  linkType: hard

"react@npm:^18.1.0":
  version: 18.2.0
  resolution: "react@npm:18.2.0"
  dependencies:
    loose-envify: ^1.1.0
  checksum: 88e38092da8839b830cda6feef2e8505dec8ace60579e46aa5490fc3dc9bba0bd50336507dc166f43e3afc1c42939c09fe33b25fae889d6f402721dcd78fca1b
  languageName: node
  linkType: hard

"scheduler@npm:^0.23.0":
  version: 0.23.0
  resolution: "scheduler@npm:0.23.0"
  dependencies:
    loose-envify: ^1.1.0
  checksum: d79192eeaa12abef860c195ea45d37cbf2bbf5f66e3c4dcd16f54a7da53b17788a70d109ee3d3dde1a0fd50e6a8fc171f4300356c5aee4fc0171de526bf35f8a
  languageName: node
  linkType: hard

"source-map-js@npm:^1.0.2":
  version: 1.0.2
  resolution: "source-map-js@npm:1.0.2"
  checksum: c049a7fc4deb9a7e9b481ae3d424cc793cb4845daa690bc5a05d428bf41bf231ced49b4cf0c9e77f9d42fdb3d20d6187619fc586605f5eabe995a316da8d377c
  languageName: node
  linkType: hard

"styled-jsx@npm:5.0.6":
  version: 5.0.6
  resolution: "styled-jsx@npm:5.0.6"
  peerDependencies:
    react: ">= 16.8.0 || 17.x.x || ^18.0.0-0"
  peerDependenciesMeta:
    "@babel/core":
      optional: true
    babel-plugin-macros:
      optional: true
  checksum: 9e41cb6958fcb980dbfcfee2fb133de61cc0873df9304d2476ab35930679fc3b3c1d968a503c9b0afa459f243c288119e35d0fd31cf3066c2ba0e130c4d2f87e
  languageName: node
  linkType: hard

"tslib@npm:^2.4.0":
  version: 2.4.0
  resolution: "tslib@npm:2.4.0"
  checksum: 8c4aa6a3c5a754bf76aefc38026134180c053b7bd2f81338cb5e5ebf96fefa0f417bff221592bf801077f5bf990562f6264fecbc42cd3309b33872cb6fc3b113
  languageName: node
  linkType: hard

"typescript@npm:4.7.4":
  version: 4.7.4
  resolution: "typescript@npm:4.7.4"
  bin:
    tsc: bin/tsc
    tsserver: bin/tsserver
  checksum: 5750181b1cd7e6482c4195825547e70f944114fb47e58e4aa7553e62f11b3f3173766aef9c281783edfd881f7b8299cf35e3ca8caebe73d8464528c907a164df
  languageName: node
  linkType: hard

"typescript@patch:typescript@4.7.4#~builtin<compat/typescript>":
  version: 4.7.4
  resolution: "typescript@patch:typescript@npm%3A4.7.4#~builtin<compat/typescript>::version=4.7.4&hash=65a307"
  bin:
    tsc: bin/tsc
    tsserver: bin/tsserver
  checksum: 9096d8f6c16cb80ef3bf96fcbbd055bf1c4a43bd14f3b7be45a9fbe7ada46ec977f604d5feed3263b4f2aa7d4c7477ce5f9cd87de0d6feedec69a983f3a4f93e
  languageName: node
  linkType: hard

"use-sync-external-store@npm:1.2.0, use-sync-external-store@npm:^1.2.0":
  version: 1.2.0
  resolution: "use-sync-external-store@npm:1.2.0"
  peerDependencies:
    react: ^16.8.0 || ^17.0.0 || ^18.0.0
  checksum: 5c639e0f8da3521d605f59ce5be9e094ca772bd44a4ce7322b055a6f58eeed8dda3c94cabd90c7a41fb6fa852210092008afe48f7038792fd47501f33299116a
  languageName: node
  linkType: hard

"zod@npm:^3.0.0":
  version: 3.19.0
  resolution: "zod@npm:3.19.0"
  checksum: 35b9270ba73ff15e1cc3e529cdd49b78ceb5f9204770b974ffa5d1728ad1be8429315aa25263d088edecaa99ecc3631339fe79313435154060951706294f47e5
  languageName: node
  linkType: hard
